
Microsoft Visual Studio Solution File, Format Version 12.00
# Visual Studio Version 17
VisualStudioVersion = 17.4.33213.308
MinimumVisualStudioVersion = 10.0.40219.1
Project("{FAE04EC0-301F-11D3-BF4B-00C04F79EFBC}") = "DvJs", "DvJs\DvJs.csproj", "{52086CA0-3142-46E7-8054-22F64D8BE3C3}"
EndProject
Project("{FAE04EC0-301F-11D3-BF4B-00C04F79EFBC}") = "DvJs.Tests", "DvJs.Tests\DvJs.Tests.csproj", "{8613D016-06B2-40AC-915C-53CCF5FDBCCC}"
EndProject
Global
	GlobalSection(SolutionConfigurationPlatforms) = preSolution
		Debug|Any CPU = Debug|Any CPU
		Release|Any CPU = Release|Any CPU
	EndGlobalSection
	GlobalSection(ProjectConfigurationPlatforms) = postSolution
		{52086CA0-3142-46E7-8054-22F64D8BE3C3}.Debug|Any CPU.ActiveCfg = Debug|Any CPU
		{52086CA0-3142-46E7-8054-22F64D8BE3C3}.Debug|Any CPU.Build.0 = Debug|Any CPU
		{52086CA0-3142-46E7-8054-22F64D8BE3C3}.Release|Any CPU.ActiveCfg = Release|Any CPU
		{52086CA0-3142-46E7-8054-22F64D8BE3C3}.Release|Any CPU.Build.0 = Release|Any CPU
		{8613D016-06B2-40AC-915C-53CCF5FDBCCC}.Debug|Any CPU.ActiveCfg = Debug|Any CPU
		{8613D016-06B2-40AC-915C-53CCF5FDBCCC}.Debug|Any CPU.Build.0 = Debug|Any CPU
		{8613D016-06B2-40AC-915C-53CCF5FDBCCC}.Release|Any CPU.ActiveCfg = Release|Any CPU
		{8613D016-06B2-40AC-915C-53CCF5FDBCCC}.Release|Any CPU.Build.0 = Release|Any CPU
	EndGlobalSection
	GlobalSection(SolutionProperties) = preSolution
		HideSolutionNode = FALSE
	EndGlobalSection
	GlobalSection(ExtensibilityGlobals) = postSolution
		SolutionGuid = {8F2A9C67-6263-49BD-8BFD-313EB364C48C}
	EndGlobalSection
EndGlobal
